{
  "version": 4,
  "terraform_version": "1.14.1",
  "serial": 10,
  "lineage": "1e067bdd-8590-c194-ece0-89668cff768c",
  "outputs": {
    "sns_topic_arn": {
      "value": "arn:aws:sns:us-east-1:166877463472:rasico-cost-alerts-prod",
      "type": "string"
    }
  },
  "resources": [
    {
      "mode": "managed",
      "type": "aws_sns_topic",
      "name": "rasico_alerts",
      "provider": "provider[\"registry.terraform.io/hashicorp/aws\"]",
      "instances": [
        {
          "schema_version": 0,
          "attributes": {
            "application_failure_feedback_role_arn": "",
            "application_success_feedback_role_arn": "",
            "application_success_feedback_sample_rate": 0,
            "archive_policy": "",
            "arn": "arn:aws:sns:us-east-1:166877463472:rasico-cost-alerts-prod",
            "beginning_archive_time": "",
            "content_based_deduplication": false,
            "delivery_policy": "",
            "display_name": "",
            "fifo_throughput_scope": "",
            "fifo_topic": false,
            "firehose_failure_feedback_role_arn": "",
            "firehose_success_feedback_role_arn": "",
            "firehose_success_feedback_sample_rate": 0,
            "http_failure_feedback_role_arn": "",
            "http_success_feedback_role_arn": "",
            "http_success_feedback_sample_rate": 0,
            "id": "arn:aws:sns:us-east-1:166877463472:rasico-cost-alerts-prod",
            "kms_master_key_id": "",
            "lambda_failure_feedback_role_arn": "",
            "lambda_success_feedback_role_arn": "",
            "lambda_success_feedback_sample_rate": 0,
            "name": "rasico-cost-alerts-prod",
            "name_prefix": "",
            "owner": "166877463472",
            "policy": "{\"Id\":\"__default_policy_ID\",\"Statement\":[{\"Action\":[\"SNS:GetTopicAttributes\",\"SNS:SetTopicAttributes\",\"SNS:AddPermission\",\"SNS:RemovePermission\",\"SNS:DeleteTopic\",\"SNS:Subscribe\",\"SNS:ListSubscriptionsByTopic\",\"SNS:Publish\"],\"Condition\":{\"StringEquals\":{\"AWS:SourceOwner\":\"166877463472\"}},\"Effect\":\"Allow\",\"Principal\":{\"AWS\":\"*\"},\"Resource\":\"arn:aws:sns:us-east-1:166877463472:rasico-cost-alerts-prod\",\"Sid\":\"__default_statement_ID\"}],\"Version\":\"2008-10-17\"}",
            "signature_version": 0,
            "sqs_failure_feedback_role_arn": "",
            "sqs_success_feedback_role_arn": "",
            "sqs_success_feedback_sample_rate": 0,
            "tags": null,
            "tags_all": {},
            "tracing_config": ""
          },
          "sensitive_attributes": [],
          "identity_schema_version": 0,
          "private": "bnVsbA=="
        }
      ]
    },
    {
      "mode": "managed",
      "type": "aws_sns_topic_subscription",
      "name": "email_alerts",
      "provider": "provider[\"registry.terraform.io/hashicorp/aws\"]",
      "instances": [
        {
          "status": "tainted",
          "schema_version": 0,
          "attributes": {
            "arn": null,
            "confirmation_timeout_in_minutes": 1,
            "confirmation_was_authenticated": null,
            "delivery_policy": null,
            "endpoint": "shradhacg@gmail.com",
            "endpoint_auto_confirms": false,
            "filter_policy": null,
            "filter_policy_scope": null,
            "id": "arn:aws:sns:us-east-1:166877463472:rasico-cost-alerts-prod:355880c8-1389-41eb-b095-d07ab89e3732",
            "owner_id": null,
            "pending_confirmation": null,
            "protocol": "email",
            "raw_message_delivery": false,
            "redrive_policy": null,
            "replay_policy": null,
            "subscription_role_arn": null,
            "topic_arn": "arn:aws:sns:us-east-1:166877463472:rasico-cost-alerts-prod"
          },
          "sensitive_attributes": [],
          "identity_schema_version": 0,
          "private": "bnVsbA==",
          "dependencies": [
            "aws_sns_topic.rasico_alerts"
          ]
        }
      ]
    }
  ],
  "check_results": null
}
